
Microsoft Visual Studio Solution File, Format Version 12.00
# Visual Studio Version 16
VisualStudioVersion = 16.0.35425.106
MinimumVisualStudioVersion = 10.0.40219.1
Project("{FAE04EC0-301F-11D3-BF4B-00C04F79EFBC}") = "CorpLawSS14Super", "CorpLawSS14Super\CorpLawSS14Super.csproj", "{355ED9DA-7458-49D9-A212-C7DBC20B65C9}"
EndProject
Global
	GlobalSection(SolutionConfigurationPlatforms) = preSolution
		Debug|Any CPU = Debug|Any CPU
		Release|Any CPU = Release|Any CPU
	EndGlobalSection
	GlobalSection(ProjectConfigurationPlatforms) = postSolution
		{355ED9DA-7458-49D9-A212-C7DBC20B65C9}.Debug|Any CPU.ActiveCfg = Debug|Any CPU
		{355ED9DA-7458-49D9-A212-C7DBC20B65C9}.Debug|Any CPU.Build.0 = Debug|Any CPU
		{355ED9DA-7458-49D9-A212-C7DBC20B65C9}.Release|Any CPU.ActiveCfg = Release|Any CPU
		{355ED9DA-7458-49D9-A212-C7DBC20B65C9}.Release|Any CPU.Build.0 = Release|Any CPU
	EndGlobalSection
	GlobalSection(SolutionProperties) = preSolution
		HideSolutionNode = FALSE
	EndGlobalSection
	GlobalSection(ExtensibilityGlobals) = postSolution
		SolutionGuid = {73D87AD5-2EBD-47BC-A84C-8BAFFE8E1FFE}
	EndGlobalSection
EndGlobal
